
Microsoft Visual Studio Solution File, Format Version 12.00
# Visual Studio 2013
VisualStudioVersion = 12.0.30723.0
MinimumVisualStudioVersion = 10.0.40219.1
Project("{FAE04EC0-301F-11D3-BF4B-00C04F79EFBC}") = "Nancy.Blog", "Nancy.Blog\Nancy.Blog.csproj", "{F44D2FFA-0EEC-4C57-8757-53190529C24D}"
EndProject
Project("{FAE04EC0-301F-11D3-BF4B-00C04F79EFBC}") = "Nancy.Blog.Example", "Nancy.Blog.Example\Nancy.Blog.Example.csproj", "{B4F9C525-5C56-440E-B4C2-972A33D7C8CD}"
	ProjectSection(ProjectDependencies) = postProject
		{F44D2FFA-0EEC-4C57-8757-53190529C24D} = {F44D2FFA-0EEC-4C57-8757-53190529C24D}
	EndProjectSection
EndProject
Global
	GlobalSection(SolutionConfigurationPlatforms) = preSolution
		Debug|Any CPU = Debug|Any CPU
		Release|Any CPU = Release|Any CPU
	EndGlobalSection
	GlobalSection(ProjectConfigurationPlatforms) = postSolution
		{F44D2FFA-0EEC-4C57-8757-53190529C24D}.Debug|Any CPU.ActiveCfg = Debug|Any CPU
		{F44D2FFA-0EEC-4C57-8757-53190529C24D}.Debug|Any CPU.Build.0 = Debug|Any CPU
		{F44D2FFA-0EEC-4C57-8757-53190529C24D}.Release|Any CPU.ActiveCfg = Release|Any CPU
		{F44D2FFA-0EEC-4C57-8757-53190529C24D}.Release|Any CPU.Build.0 = Release|Any CPU
		{B4F9C525-5C56-440E-B4C2-972A33D7C8CD}.Debug|Any CPU.ActiveCfg = Debug|Any CPU
		{B4F9C525-5C56-440E-B4C2-972A33D7C8CD}.Debug|Any CPU.Build.0 = Debug|Any CPU
		{B4F9C525-5C56-440E-B4C2-972A33D7C8CD}.Release|Any CPU.ActiveCfg = Release|Any CPU
		{B4F9C525-5C56-440E-B4C2-972A33D7C8CD}.Release|Any CPU.Build.0 = Release|Any CPU
	EndGlobalSection
	GlobalSection(SolutionProperties) = preSolution
		HideSolutionNode = FALSE
	EndGlobalSection
EndGlobal
